
Microsoft Visual Studio Solution File, Format Version 12.00
# Visual Studio Version 17
VisualStudioVersion = 17.14.37314.3 d17.14
MinimumVisualStudioVersion = 10.0.40219.1
Project("{FAE04EC0-301F-11D3-BF4B-00C04F79EFBC}") = "MiniShopping.Web", "MiniShopping.Web\MiniShopping.Web.csproj", "{575729AF-629E-4F7F-BCE9-97EB1DC22276}"
EndProject
Project("{2150E333-8FDC-42A3-9474-1A3956D46DE8}") = "Solution Items", "Solution Items", "{8EC462FD-D22E-90A8-E5CE-7E832BA40C5D}"
	ProjectSection(SolutionItems) = preProject
		gitignore.txt = gitignore.txt
	EndProjectSection
EndProject
Global
	GlobalSection(SolutionConfigurationPlatforms) = preSolution
		Debug|Any CPU = Debug|Any CPU
		Release|Any CPU = Release|Any CPU
	EndGlobalSection
	GlobalSection(ProjectConfigurationPlatforms) = postSolution
		{575729AF-629E-4F7F-BCE9-97EB1DC22276}.Debug|Any CPU.ActiveCfg = Debug|Any CPU
		{575729AF-629E-4F7F-BCE9-97EB1DC22276}.Debug|Any CPU.Build.0 = Debug|Any CPU
		{575729AF-629E-4F7F-BCE9-97EB1DC22276}.Release|Any CPU.ActiveCfg = Release|Any CPU
		{575729AF-629E-4F7F-BCE9-97EB1DC22276}.Release|Any CPU.Build.0 = Release|Any CPU
	EndGlobalSection
	GlobalSection(SolutionProperties) = preSolution
		HideSolutionNode = FALSE
	EndGlobalSection
	GlobalSection(ExtensibilityGlobals) = postSolution
		SolutionGuid = {B5DC51EC-94B5-4AC5-9B8A-08DF771C275B}
	EndGlobalSection
EndGlobal
